
Microsoft Visual Studio Solution File, Format Version 12.00
# Visual Studio Version 17
VisualStudioVersion = 17.2.32630.192
MinimumVisualStudioVersion = 10.0.40219.1
Project("{FAE04EC0-301F-11D3-BF4B-00C04F79EFBC}") = "SecurityReport", "SecurityReport.csproj", "{34069136-7178-4519-AE4C-AA09CACDDCE5}"
EndProject
Global
	GlobalSection(SolutionConfigurationPlatforms) = preSolution
		Debug|Any CPU = Debug|Any CPU
		Release|Any CPU = Release|Any CPU
	EndGlobalSection
	GlobalSection(ProjectConfigurationPlatforms) = postSolution
		{34069136-7178-4519-AE4C-AA09CACDDCE5}.Debug|Any CPU.ActiveCfg = Debug|Any CPU
		{34069136-7178-4519-AE4C-AA09CACDDCE5}.Debug|Any CPU.Build.0 = Debug|Any CPU
		{34069136-7178-4519-AE4C-AA09CACDDCE5}.Release|Any CPU.ActiveCfg = Release|Any CPU
		{34069136-7178-4519-AE4C-AA09CACDDCE5}.Release|Any CPU.Build.0 = Release|Any CPU
	EndGlobalSection
	GlobalSection(SolutionProperties) = preSolution
		HideSolutionNode = FALSE
	EndGlobalSection
	GlobalSection(ExtensibilityGlobals) = postSolution
		SolutionGuid = {559A72F7-D14B-4E28-8761-64FF7DD07608}
	EndGlobalSection
EndGlobal
